// !$*UTF8*$!
{
	archiveVersion = 1;
	classes = {
	};
	objectVersion = 55;
	objects = {

/* Begin PBXBuildFile section */
		480B878E2884AD2900EEEB8B /* main.c in Sources */ = {isa = PBXBuildFile; fileRef = 480B878D2884AD2900EEEB8B /* main.c */; };
		4852FB3C288E600C0078C987 /* fsm.c in Sources */ = {isa = PBXBuildFile; fileRef = 4852FB3B288E600C0078C987 /* fsm.c */; };
		4852FB42288E65910078C987 /* event.c in Sources */ = {isa = PBXBuildFile; fileRef = 4852FB41288E65910078C987 /* event.c */; };
		485949642908DC5D008504DD /* tcp_client.c in Sources */ = {isa = PBXBuildFile; fileRef = 485949632908DC5D008504DD /* tcp_client.c */; };
/* End PBXBuildFile section */

/* Begin PBXCopyFilesBuildPhase section */
		480B87882884AD2900EEEB8B /* CopyFiles */ = {
			isa = PBXCopyFilesBuildPhase;
			buildActionMask = 2147483647;
			dstPath = /usr/share/man/man1/;
			dstSubfolderSpec = 0;
			files = (
			);
			runOnlyForDeploymentPostprocessing = 1;
		};
/* End PBXCopyFilesBuildPhase section */

/* Begin PBXFileReference section */
		480B878A2884AD2900EEEB8B /* Agent11073 */ = {isa = PBXFileReference; explicitFileType = "compiled.mach-o.executable"; includeInIndex = 0; path = Agent11073; sourceTree = BUILT_PRODUCTS_DIR; };
		480B878D2884AD2900EEEB8B /* main.c */ = {isa = PBXFileReference; lastKnownFileType = sourcecode.c.c; path = main.c; sourceTree = "<group>"; };
		483718362909602300C19F81 /* phd_types.h */ = {isa = PBXFileReference; lastKnownFileType = sourcecode.c.h; path = phd_types.h; sourceTree = "<group>"; };
		4852FB3A288E600C0078C987 /* fsm.h */ = {isa = PBXFileReference; lastKnownFileType = sourcecode.c.h; path = fsm.h; sourceTree = "<group>"; };
		4852FB3B288E600C0078C987 /* fsm.c */ = {isa = PBXFileReference; lastKnownFileType = sourcecode.c.c; path = fsm.c; sourceTree = "<group>"; };
		4852FB40288E65910078C987 /* event.h */ = {isa = PBXFileReference; lastKnownFileType = sourcecode.c.h; path = event.h; sourceTree = "<group>"; };
		4852FB41288E65910078C987 /* event.c */ = {isa = PBXFileReference; lastKnownFileType = sourcecode.c.c; path = event.c; sourceTree = "<group>"; };
		485949622908DC5D008504DD /* tcp_client.h */ = {isa = PBXFileReference; lastKnownFileType = sourcecode.c.h; path = tcp_client.h; sourceTree = "<group>"; };
		485949632908DC5D008504DD /* tcp_client.c */ = {isa = PBXFileReference; lastKnownFileType = sourcecode.c.c; path = tcp_client.c; sourceTree = "<group>"; };
/* End PBXFileReference section */

/* Begin PBXFrameworksBuildPhase section */
		480B87872884AD2900EEEB8B /* Frameworks */ = {
			isa = PBXFrameworksBuildPhase;
			buildActionMask = 2147483647;
			files = (
			);
			runOnlyForDeploymentPostprocessing = 0;
		};
/* End PBXFrameworksBuildPhase section */

/* Begin PBXGroup section */
		480B87812884AD2900EEEB8B = {
			isa = PBXGroup;
			children = (
				480B878C2884AD2900EEEB8B /* Agent11073 */,
				480B878B2884AD2900EEEB8B /* Products */,
			);
			sourceTree = "<group>";
		};
		480B878B2884AD2900EEEB8B /* Products */ = {
			isa = PBXGroup;
			children = (
				480B878A2884AD2900EEEB8B /* Agent11073 */,
			);
			name = Products;
			sourceTree = "<group>";
		};
		480B878C2884AD2900EEEB8B /* Agent11073 */ = {
			isa = PBXGroup;
			children = (
				483718352909601400C19F81 /* asn1 */,
				4837183329095E6200C19F81 /* fsm */,
				485949602908DBA5008504DD /* communication */,
				480B878D2884AD2900EEEB8B /* main.c */,
			);
			path = Agent11073;
			sourceTree = "<group>";
		};
		4837183329095E6200C19F81 /* fsm */ = {
			isa = PBXGroup;
			children = (
				4852FB3A288E600C0078C987 /* fsm.h */,
				4852FB3B288E600C0078C987 /* fsm.c */,
				4852FB40288E65910078C987 /* event.h */,
				4852FB41288E65910078C987 /* event.c */,
			);
			path = fsm;
			sourceTree = "<group>";
		};
		483718352909601400C19F81 /* asn1 */ = {
			isa = PBXGroup;
			children = (
				483718362909602300C19F81 /* phd_types.h */,
			);
			path = asn1;
			sourceTree = "<group>";
		};
		485949602908DBA5008504DD /* communication */ = {
			isa = PBXGroup;
			children = (
				485949622908DC5D008504DD /* tcp_client.h */,
				485949632908DC5D008504DD /* tcp_client.c */,
			);
			path = communication;
			sourceTree = "<group>";
		};
/* End PBXGroup section */

/* Begin PBXNativeTarget section */
		480B87892884AD2900EEEB8B /* Agent11073 */ = {
			isa = PBXNativeTarget;
			buildConfigurationList = 480B87912884AD2900EEEB8B /* Build configuration list for PBXNativeTarget "Agent11073" */;
			buildPhases = (
				480B87862884AD2900EEEB8B /* Sources */,
				480B87872884AD2900EEEB8B /* Frameworks */,
				480B87882884AD2900EEEB8B /* CopyFiles */,
			);
			buildRules = (
			);
			dependencies = (
			);
			name = Agent11073;
			productName = Agent11073;
			productReference = 480B878A2884AD2900EEEB8B /* Agent11073 */;
			productType = "com.apple.product-type.tool";
		};
/* End PBXNativeTarget section */

/* Begin PBXProject section */
		480B87822884AD2900EEEB8B /* Project object */ = {
			isa = PBXProject;
			attributes = {
				BuildIndependentTargetsInParallel = 1;
				LastUpgradeCheck = 1340;
				TargetAttributes = {
					480B87892884AD2900EEEB8B = {
						CreatedOnToolsVersion = 13.4.1;
					};
				};
			};
			buildConfigurationList = 480B87852884AD2900EEEB8B /* Build configuration list for PBXProject "Agent11073" */;
			compatibilityVersion = "Xcode 13.0";
			developmentRegion = en;
			hasScannedForEncodings = 0;
			knownRegions = (
				en,
				Base,
			);
			mainGroup = 480B87812884AD2900EEEB8B;
			productRefGroup = 480B878B2884AD2900EEEB8B /* Products */;
			projectDirPath = "";
			projectRoot = "";
			targets = (
				480B87892884AD2900EEEB8B /* Agent11073 */,
			);
		};
/* End PBXProject section */

/* Begin PBXSourcesBuildPhase section */
		480B87862884AD2900EEEB8B /* Sources */ = {
			isa = PBXSourcesBuildPhase;
			buildActionMask = 2147483647;
			files = (
				4852FB42288E65910078C987 /* event.c in Sources */,
				4852FB3C288E600C0078C987 /* fsm.c in Sources */,
				485949642908DC5D008504DD /* tcp_client.c in Sources */,
				480B878E2884AD2900EEEB8B /* main.c in Sources */,
			);
			runOnlyForDeploymentPostprocessing = 0;
		};
/* End PBXSourcesBuildPhase section */

/* Begin XCBuildConfiguration section */
		480B878F2884AD2900EEEB8B /* Debug */ = {
			isa = XCBuildConfiguration;
			buildSettings = {
				ALWAYS_SEARCH_USER_PATHS = NO;
				CLANG_ANALYZER_NONNULL = YES;
				CLANG_ANALYZER_NUMBER_OBJECT_CONVERSION = YES_AGGRESSIVE;
				CLANG_CXX_LANGUAGE_STANDARD = "gnu++17";
				CLANG_ENABLE_MODULES = YES;
				CLANG_ENABLE_OBJC_ARC = YES;
				CLANG_ENABLE_OBJC_WEAK = YES;
				CLANG_WARN_BLOCK_CAPTURE_AUTORELEASING = YES;
				CLANG_WARN_BOOL_CONVERSION = YES;
				CLANG_WARN_COMMA = YES;
				CLANG_WARN_CONSTANT_CONVERSION = YES;
				CLANG_WARN_DEPRECATED_OBJC_IMPLEMENTATIONS = YES;
				CLANG_WARN_DIRECT_OBJC_ISA_USAGE = YES_ERROR;
				CLANG_WARN_DOCUMENTATION_COMMENTS = YES;
				CLANG_WARN_EMPTY_BODY = YES;
				CLANG_WARN_ENUM_CONVERSION = YES;
				CLANG_WARN_INFINITE_RECURSION = YES;
				CLANG_WARN_INT_CONVERSION = YES;
				CLANG_WARN_NON_LITERAL_NULL_CONVERSION = YES;
				CLANG_WARN_OBJC_IMPLICIT_RETAIN_SELF = YES;
				CLANG_WARN_OBJC_LITERAL_CONVERSION = YES;
				CLANG_WARN_OBJC_ROOT_CLASS = YES_ERROR;
				CLANG_WARN_QUOTED_INCLUDE_IN_FRAMEWORK_HEADER = YES;
				CLANG_WARN_RANGE_LOOP_ANALYSIS = YES;
				CLANG_WARN_STRICT_PROTOTYPES = YES;
				CLANG_WARN_SUSPICIOUS_MOVE = YES;
				CLANG_WARN_UNGUARDED_AVAILABILITY = YES_AGGRESSIVE;
				CLANG_WARN_UNREACHABLE_CODE = YES;
				CLANG_WARN__DUPLICATE_METHOD_MATCH = YES;
				COPY_PHASE_STRIP = NO;
				DEBUG_INFORMATION_FORMAT = dwarf;
				ENABLE_STRICT_OBJC_MSGSEND = YES;
				ENABLE_TESTABILITY = YES;
				GCC_C_LANGUAGE_STANDARD = gnu11;
				GCC_DYNAMIC_NO_PIC = NO;
				GCC_NO_COMMON_BLOCKS = YES;
				GCC_OPTIMIZATION_LEVEL = 0;
				GCC_PREPROCESSOR_DEFINITIONS = (
					"DEBUG=1",
					"$(inherited)",
				);
				GCC_WARN_64_TO_32_BIT_CONVERSION = YES;
				GCC_WARN_ABOUT_RETURN_TYPE = YES_ERROR;
				GCC_WARN_UNDECLARED_SELECTOR = YES;
				GCC_WARN_UNINITIALIZED_AUTOS = YES_AGGRESSIVE;
				GCC_WARN_UNUSED_FUNCTION = YES;
				GCC_WARN_UNUSED_VARIABLE = YES;
				MACOSX_DEPLOYMENT_TARGET = 12.3;
				MTL_ENABLE_DEBUG_INFO = INCLUDE_SOURCE;
				MTL_FAST_MATH = YES;
				ONLY_ACTIVE_ARCH = YES;
				SDKROOT = macosx;
			};
			name = Debug;
		};
		480B87902884AD2900EEEB8B /* Release */ = {
			isa = XCBuildConfiguration;
			buildSettings = {
				ALWAYS_SEARCH_USER_PATHS = NO;
				CLANG_ANALYZER_NONNULL = YES;
				CLANG_ANALYZER_NUMBER_OBJECT_CONVERSION = YES_AGGRESSIVE;
				CLANG_CXX_LANGUAGE_STANDARD = "gnu++17";
				CLANG_ENABLE_MODULES = YES;
				CLANG_ENABLE_OBJC_ARC = YES;
				CLANG_ENABLE_OBJC_WEAK = YES;
				CLANG_WARN_BLOCK_CAPTURE_AUTORELEASING = YES;
				CLANG_WARN_BOOL_CONVERSION = YES;
				CLANG_WARN_COMMA = YES;
				CLANG_WARN_CONSTANT_CONVERSION = YES;
				CLANG_WARN_DEPRECATED_OBJC_IMPLEMENTATIONS = YES;
				CLANG_WARN_DIRECT_OBJC_ISA_USAGE = YES_ERROR;
				CLANG_WARN_DOCUMENTATION_COMMENTS = YES;
				CLANG_WARN_EMPTY_BODY = YES;
				CLANG_WARN_ENUM_CONVERSION = YES;
				CLANG_WARN_INFINITE_RECURSION = YES;
				CLANG_WARN_INT_CONVERSION = YES;
				CLANG_WARN_NON_LITERAL_NULL_CONVERSION = YES;
				CLANG_WARN_OBJC_IMPLICIT_RETAIN_SELF = YES;
				CLANG_WARN_OBJC_LITERAL_CONVERSION = YES;
				CLANG_WARN_OBJC_ROOT_CLASS = YES_ERROR;
				CLANG_WARN_QUOTED_INCLUDE_IN_FRAMEWORK_HEADER = YES;
				CLANG_WARN_RANGE_LOOP_ANALYSIS = YES;
				CLANG_WARN_STRICT_PROTOTYPES = YES;
				CLANG_WARN_SUSPICIOUS_MOVE = YES;
				CLANG_WARN_UNGUARDED_AVAILABILITY = YES_AGGRESSIVE;
				CLANG_WARN_UNREACHABLE_CODE = YES;
				CLANG_WARN__DUPLICATE_METHOD_MATCH = YES;
				COPY_PHASE_STRIP = NO;
				DEBUG_INFORMATION_FORMAT = "dwarf-with-dsym";
				ENABLE_NS_ASSERTIONS = NO;
				ENABLE_STRICT_OBJC_MSGSEND = YES;
				GCC_C_LANGUAGE_STANDARD = gnu11;
				GCC_NO_COMMON_BLOCKS = YES;
				GCC_WARN_64_TO_32_BIT_CONVERSION = YES;
				GCC_WARN_ABOUT_RETURN_TYPE = YES_ERROR;
				GCC_WARN_UNDECLARED_SELECTOR = YES;
				GCC_WARN_UNINITIALIZED_AUTOS = YES_AGGRESSIVE;
				GCC_WARN_UNUSED_FUNCTION = YES;
				GCC_WARN_UNUSED_VARIABLE = YES;
				MACOSX_DEPLOYMENT_TARGET = 12.3;
				MTL_ENABLE_DEBUG_INFO = NO;
				MTL_FAST_MATH = YES;
				SDKROOT = macosx;
			};
			name = Release;
		};
		480B87922884AD2900EEEB8B /* Debug */ = {
			isa = XCBuildConfiguration;
			buildSettings = {
				CODE_SIGN_STYLE = Automatic;
				PRODUCT_NAME = "$(TARGET_NAME)";
			};
			name = Debug;
		};
		480B87932884AD2900EEEB8B /* Release */ = {
			isa = XCBuildConfiguration;
			buildSettings = {
				CODE_SIGN_STYLE = Automatic;
				PRODUCT_NAME = "$(TARGET_NAME)";
			};
			name = Release;
		};
/* End XCBuildConfiguration section */

/* Begin XCConfigurationList section */
		480B87852884AD2900EEEB8B /* Build configuration list for PBXProject "Agent11073" */ = {
			isa = XCConfigurationList;
			buildConfigurations = (
				480B878F2884AD2900EEEB8B /* Debug */,
				480B87902884AD2900EEEB8B /* Release */,
			);
			defaultConfigurationIsVisible = 0;
			defaultConfigurationName = Release;
		};
		480B87912884AD2900EEEB8B /* Build configuration list for PBXNativeTarget "Agent11073" */ = {
			isa = XCConfigurationList;
			buildConfigurations = (
				480B87922884AD2900EEEB8B /* Debug */,
				480B87932884AD2900EEEB8B /* Release */,
			);
			defaultConfigurationIsVisible = 0;
			defaultConfigurationName = Release;
		};
/* End XCConfigurationList section */
	};
	rootObject = 480B87822884AD2900EEEB8B /* Project object */;
}
